
Microsoft Visual Studio Solution File, Format Version 12.00
# Visual Studio Version 17
VisualStudioVersion = 17.4.33205.214
MinimumVisualStudioVersion = 10.0.40219.1
Project("{9A19103F-16F7-4668-BE54-9A1E7A4F7556}") = "BusinessServiceTemplate.Api", "BusinessServiceTemplate.Api\BusinessServiceTemplate.Api.csproj", "{B63A7AD7-FB37-4240-A494-58B627E96A2C}"
EndProject
Project("{9A19103F-16F7-4668-BE54-9A1E7A4F7556}") = "BusinessServiceTemplate.Core", "BusinessServiceTemplate.Core\BusinessServiceTemplate.Core.csproj", "{445437E0-1E6C-4C4F-AABC-922820A7D6A3}"
EndProject
Project("{9A19103F-16F7-4668-BE54-9A1E7A4F7556}") = "BusinessServiceTemplate.DataAccess", "BusinessServiceTemplate.DataAccess\BusinessServiceTemplate.DataAccess.csproj", "{9396A0C3-B427-40BF-B172-D4218279D888}"
EndProject
Project("{9A19103F-16F7-4668-BE54-9A1E7A4F7556}") = "BusinessServiceTemplate.Database.Migrator", "BusinessServiceTemplate.Database.Migrator\BusinessServiceTemplate.Database.Migrator.csproj", "{981ECAB6-59F2-43B7-9502-E58550E61E80}"
EndProject
Project("{00D1A9C2-B5F0-4AF3-8072-F6C62B433612}") = "BusinessServiceTemplate.Database", "BusinessServiceTemplate.Database\BusinessServiceTemplate.Database.sqlproj", "{27275817-D323-4E26-B738-CE145683EFB5}"
EndProject
Project("{9A19103F-16F7-4668-BE54-9A1E7A4F7556}") = "BusinessServiceTemplate.Shared.DataAccess", "BusinessServiceTemplate.Shared.DataAccess\BusinessServiceTemplate.Shared.DataAccess.csproj", "{6E10D32A-60B0-46AB-AECB-3864D8CE4558}"
EndProject
Project("{9A19103F-16F7-4668-BE54-9A1E7A4F7556}") = "BusinessServiceTemplate.Shared", "BusinessServiceTemplate.Shared\BusinessServiceTemplate.Shared.csproj", "{F157067C-7F5F-4758-A832-CCA67909F3FF}"
EndProject
Project("{9A19103F-16F7-4668-BE54-9A1E7A4F7556}") = "LoggingService.Client", "..\LoggingService\LogginServiceAPI\LoggingService.Client\LoggingService.Client.csproj", "{3C4FA57F-FDA3-4351-9586-B53923F9BBF5}"
EndProject
Project("{9A19103F-16F7-4668-BE54-9A1E7A4F7556}") = "LoggingServiceAPI", "..\LoggingService\LogginServiceAPI\LoggingServiceAPI\LoggingServiceAPI.csproj", "{0BFD8E5D-0CE8-4C31-9006-CBD2CA08F1C6}"
EndProject
Global
	GlobalSection(SolutionConfigurationPlatforms) = preSolution
		Debug|Any CPU = Debug|Any CPU
		Release|Any CPU = Release|Any CPU
	EndGlobalSection
	GlobalSection(ProjectConfigurationPlatforms) = postSolution
		{B63A7AD7-FB37-4240-A494-58B627E96A2C}.Debug|Any CPU.ActiveCfg = Debug|Any CPU
		{B63A7AD7-FB37-4240-A494-58B627E96A2C}.Debug|Any CPU.Build.0 = Debug|Any CPU
		{B63A7AD7-FB37-4240-A494-58B627E96A2C}.Release|Any CPU.ActiveCfg = Release|Any CPU
		{B63A7AD7-FB37-4240-A494-58B627E96A2C}.Release|Any CPU.Build.0 = Release|Any CPU
		{445437E0-1E6C-4C4F-AABC-922820A7D6A3}.Debug|Any CPU.ActiveCfg = Debug|Any CPU
		{445437E0-1E6C-4C4F-AABC-922820A7D6A3}.Debug|Any CPU.Build.0 = Debug|Any CPU
		{445437E0-1E6C-4C4F-AABC-922820A7D6A3}.Release|Any CPU.ActiveCfg = Release|Any CPU
		{445437E0-1E6C-4C4F-AABC-922820A7D6A3}.Release|Any CPU.Build.0 = Release|Any CPU
		{9396A0C3-B427-40BF-B172-D4218279D888}.Debug|Any CPU.ActiveCfg = Debug|Any CPU
		{9396A0C3-B427-40BF-B172-D4218279D888}.Debug|Any CPU.Build.0 = Debug|Any CPU
		{9396A0C3-B427-40BF-B172-D4218279D888}.Release|Any CPU.ActiveCfg = Release|Any CPU
		{9396A0C3-B427-40BF-B172-D4218279D888}.Release|Any CPU.Build.0 = Release|Any CPU
		{981ECAB6-59F2-43B7-9502-E58550E61E80}.Debug|Any CPU.ActiveCfg = Debug|Any CPU
		{981ECAB6-59F2-43B7-9502-E58550E61E80}.Debug|Any CPU.Build.0 = Debug|Any CPU
		{981ECAB6-59F2-43B7-9502-E58550E61E80}.Release|Any CPU.ActiveCfg = Release|Any CPU
		{981ECAB6-59F2-43B7-9502-E58550E61E80}.Release|Any CPU.Build.0 = Release|Any CPU
		{27275817-D323-4E26-B738-CE145683EFB5}.Debug|Any CPU.ActiveCfg = Debug|Any CPU
		{27275817-D323-4E26-B738-CE145683EFB5}.Debug|Any CPU.Build.0 = Debug|Any CPU
		{27275817-D323-4E26-B738-CE145683EFB5}.Debug|Any CPU.Deploy.0 = Debug|Any CPU
		{27275817-D323-4E26-B738-CE145683EFB5}.Release|Any CPU.ActiveCfg = Release|Any CPU
		{27275817-D323-4E26-B738-CE145683EFB5}.Release|Any CPU.Build.0 = Release|Any CPU
		{27275817-D323-4E26-B738-CE145683EFB5}.Release|Any CPU.Deploy.0 = Release|Any CPU
		{6E10D32A-60B0-46AB-AECB-3864D8CE4558}.Debug|Any CPU.ActiveCfg = Debug|Any CPU
		{6E10D32A-60B0-46AB-AECB-3864D8CE4558}.Debug|Any CPU.Build.0 = Debug|Any CPU
		{6E10D32A-60B0-46AB-AECB-3864D8CE4558}.Release|Any CPU.ActiveCfg = Release|Any CPU
		{6E10D32A-60B0-46AB-AECB-3864D8CE4558}.Release|Any CPU.Build.0 = Release|Any CPU
		{F157067C-7F5F-4758-A832-CCA67909F3FF}.Debug|Any CPU.ActiveCfg = Debug|Any CPU
		{F157067C-7F5F-4758-A832-CCA67909F3FF}.Debug|Any CPU.Build.0 = Debug|Any CPU
		{F157067C-7F5F-4758-A832-CCA67909F3FF}.Release|Any CPU.ActiveCfg = Release|Any CPU
		{F157067C-7F5F-4758-A832-CCA67909F3FF}.Release|Any CPU.Build.0 = Release|Any CPU
		{3C4FA57F-FDA3-4351-9586-B53923F9BBF5}.Debug|Any CPU.ActiveCfg = Debug|Any CPU
		{3C4FA57F-FDA3-4351-9586-B53923F9BBF5}.Debug|Any CPU.Build.0 = Debug|Any CPU
		{3C4FA57F-FDA3-4351-9586-B53923F9BBF5}.Release|Any CPU.ActiveCfg = Release|Any CPU
		{3C4FA57F-FDA3-4351-9586-B53923F9BBF5}.Release|Any CPU.Build.0 = Release|Any CPU
		{0BFD8E5D-0CE8-4C31-9006-CBD2CA08F1C6}.Debug|Any CPU.ActiveCfg = Debug|Any CPU
		{0BFD8E5D-0CE8-4C31-9006-CBD2CA08F1C6}.Debug|Any CPU.Build.0 = Debug|Any CPU
		{0BFD8E5D-0CE8-4C31-9006-CBD2CA08F1C6}.Release|Any CPU.ActiveCfg = Release|Any CPU
		{0BFD8E5D-0CE8-4C31-9006-CBD2CA08F1C6}.Release|Any CPU.Build.0 = Release|Any CPU
	EndGlobalSection
	GlobalSection(SolutionProperties) = preSolution
		HideSolutionNode = FALSE
	EndGlobalSection
	GlobalSection(ExtensibilityGlobals) = postSolution
		SolutionGuid = {DD9871FA-B922-4AB3-94F0-629CDA772587}
	EndGlobalSection
EndGlobal
